
Microsoft Visual Studio Solution File, Format Version 12.00
# Visual Studio Version 17
VisualStudioVersion = 17.2.32630.192
MinimumVisualStudioVersion = 10.0.40219.1
Project("{FAE04EC0-301F-11D3-BF4B-00C04F79EFBC}") = "HelloWorld", "HelloWorld.csproj", "{36F643DA-8CC9-409B-8ADC-03F3DA105417}"
EndProject
Project("{FAE04EC0-301F-11D3-BF4B-00C04F79EFBC}") = "HelloJacque", "..\HelloJacque\HelloJacque.csproj", "{99D0965B-88D9-4942-BE32-4708251F50CE}"
EndProject
Project("{FAE04EC0-301F-11D3-BF4B-00C04F79EFBC}") = "HelloNumbers", "..\HelloNumbers\HelloNumbers.csproj", "{A9C425EB-350A-4AC3-B3F9-EF3D2033B15D}"
EndProject
Global
	GlobalSection(SolutionConfigurationPlatforms) = preSolution
		Debug|Any CPU = Debug|Any CPU
		Release|Any CPU = Release|Any CPU
	EndGlobalSection
	GlobalSection(ProjectConfigurationPlatforms) = postSolution
		{36F643DA-8CC9-409B-8ADC-03F3DA105417}.Debug|Any CPU.ActiveCfg = Debug|Any CPU
		{36F643DA-8CC9-409B-8ADC-03F3DA105417}.Debug|Any CPU.Build.0 = Debug|Any CPU
		{36F643DA-8CC9-409B-8ADC-03F3DA105417}.Release|Any CPU.ActiveCfg = Release|Any CPU
		{36F643DA-8CC9-409B-8ADC-03F3DA105417}.Release|Any CPU.Build.0 = Release|Any CPU
		{99D0965B-88D9-4942-BE32-4708251F50CE}.Debug|Any CPU.ActiveCfg = Debug|Any CPU
		{99D0965B-88D9-4942-BE32-4708251F50CE}.Debug|Any CPU.Build.0 = Debug|Any CPU
		{99D0965B-88D9-4942-BE32-4708251F50CE}.Release|Any CPU.ActiveCfg = Release|Any CPU
		{99D0965B-88D9-4942-BE32-4708251F50CE}.Release|Any CPU.Build.0 = Release|Any CPU
		{A9C425EB-350A-4AC3-B3F9-EF3D2033B15D}.Debug|Any CPU.ActiveCfg = Debug|Any CPU
		{A9C425EB-350A-4AC3-B3F9-EF3D2033B15D}.Debug|Any CPU.Build.0 = Debug|Any CPU
		{A9C425EB-350A-4AC3-B3F9-EF3D2033B15D}.Release|Any CPU.ActiveCfg = Release|Any CPU
		{A9C425EB-350A-4AC3-B3F9-EF3D2033B15D}.Release|Any CPU.Build.0 = Release|Any CPU
	EndGlobalSection
	GlobalSection(SolutionProperties) = preSolution
		HideSolutionNode = FALSE
	EndGlobalSection
	GlobalSection(ExtensibilityGlobals) = postSolution
		SolutionGuid = {90988881-8AC8-4B8E-9458-3978071F1D72}
	EndGlobalSection
EndGlobal
