
Microsoft Visual Studio Solution File, Format Version 12.00
# Visual Studio Version 17
VisualStudioVersion = 17.2.32630.192
MinimumVisualStudioVersion = 10.0.40219.1
Project("{FAE04EC0-301F-11D3-BF4B-00C04F79EFBC}") = "Technology", "Technology.csproj", "{44D1C004-6B4E-40D8-A224-CBC219F85B97}"
EndProject
Project("{FAE04EC0-301F-11D3-BF4B-00C04F79EFBC}") = "TechnologyTests", "..\TechnologyTest\TechnologyTests.csproj", "{9951DF69-85DA-4374-A538-7AEC51E43DC8}"
EndProject
Global
	GlobalSection(SolutionConfigurationPlatforms) = preSolution
		Debug|Any CPU = Debug|Any CPU
		Release|Any CPU = Release|Any CPU
	EndGlobalSection
	GlobalSection(ProjectConfigurationPlatforms) = postSolution
		{44D1C004-6B4E-40D8-A224-CBC219F85B97}.Debug|Any CPU.ActiveCfg = Debug|Any CPU
		{44D1C004-6B4E-40D8-A224-CBC219F85B97}.Debug|Any CPU.Build.0 = Debug|Any CPU
		{44D1C004-6B4E-40D8-A224-CBC219F85B97}.Release|Any CPU.ActiveCfg = Release|Any CPU
		{44D1C004-6B4E-40D8-A224-CBC219F85B97}.Release|Any CPU.Build.0 = Release|Any CPU
		{9951DF69-85DA-4374-A538-7AEC51E43DC8}.Debug|Any CPU.ActiveCfg = Debug|Any CPU
		{9951DF69-85DA-4374-A538-7AEC51E43DC8}.Debug|Any CPU.Build.0 = Debug|Any CPU
		{9951DF69-85DA-4374-A538-7AEC51E43DC8}.Release|Any CPU.ActiveCfg = Release|Any CPU
		{9951DF69-85DA-4374-A538-7AEC51E43DC8}.Release|Any CPU.Build.0 = Release|Any CPU
	EndGlobalSection
	GlobalSection(SolutionProperties) = preSolution
		HideSolutionNode = FALSE
	EndGlobalSection
	GlobalSection(ExtensibilityGlobals) = postSolution
		SolutionGuid = {B9E1A756-94D6-4585-A90E-1E448F80CCDD}
	EndGlobalSection
EndGlobal
