
Microsoft Visual Studio Solution File, Format Version 12.00
# Visual Studio Version 17
VisualStudioVersion = 17.2.32630.192
MinimumVisualStudioVersion = 10.0.40219.1
Project("{F184B08F-C81C-45F6-A57F-5ABD9991F28F}") = "CircleStudio", "CircleStudio.vbproj", "{01023B25-AE47-47B6-BD53-B3B6F83BBFEE}"
EndProject
Global
	GlobalSection(SolutionConfigurationPlatforms) = preSolution
		Debug|Any CPU = Debug|Any CPU
		Release|Any CPU = Release|Any CPU
	EndGlobalSection
	GlobalSection(ProjectConfigurationPlatforms) = postSolution
		{01023B25-AE47-47B6-BD53-B3B6F83BBFEE}.Debug|Any CPU.ActiveCfg = Debug|Any CPU
		{01023B25-AE47-47B6-BD53-B3B6F83BBFEE}.Debug|Any CPU.Build.0 = Debug|Any CPU
		{01023B25-AE47-47B6-BD53-B3B6F83BBFEE}.Release|Any CPU.ActiveCfg = Release|Any CPU
		{01023B25-AE47-47B6-BD53-B3B6F83BBFEE}.Release|Any CPU.Build.0 = Release|Any CPU
	EndGlobalSection
	GlobalSection(SolutionProperties) = preSolution
		HideSolutionNode = FALSE
	EndGlobalSection
	GlobalSection(ExtensibilityGlobals) = postSolution
		SolutionGuid = {84AF4471-B7D5-4CA6-9903-85253A8C8EDF}
	EndGlobalSection
EndGlobal
